{
  "version": 4,
  "terraform_version": "1.15.8",
  "serial": 5,
  "lineage": "d92a3aaf-a5da-8e6a-7c1c-b14fc3440e53",
  "outputs": {},
  "resources": [
    {
      "mode": "data",
      "type": "local_sensitive_file",
      "name": "foo",
      "provider": "provider[\"registry.terraform.io/hashicorp/local\"]",
      "instances": [
        {
          "schema_version": 0,
          "attributes": {
            "content": "my_passowrd1234!@#$%^^\u0026^%$#@",
            "content_base64": "bXlfcGFzc293cmQxMjM0IUAjJCVeXiZeJSQjQA==",
            "content_base64sha256": "muzOYWwKE+K3WSZeuFrsTWtBP1W9d/7aU1iOi9A7Tgo=",
            "content_base64sha512": "pxTsNNpn7eVdRzRCCAPJFwzK4MFSWOYPBS7ktZzpWWquCshoV3fCApNK0osCIfr2aTECXR6gVwtSsTS31EQyPw==",
            "content_md5": "a9d7a6121c9be6c3b824ef615b3466a0",
            "content_sha1": "e1735c30a0f1926dff846b09d4d4e4ce587ecaec",
            "content_sha256": "9aecce616c0a13e2b759265eb85aec4d6b413f55bd77feda53588e8bd03b4e0a",
            "content_sha512": "a714ec34da67ede55d4734420803c9170ccae0c15258e60f052ee4b59ce9596aae0ac8685777c202934ad28b0221faf66931025d1ea0570b52b134b7d444323f",
            "filename": "secret_db.txt",
            "id": "e1735c30a0f1926dff846b09d4d4e4ce587ecaec"
          },
          "sensitive_attributes": [
            [
              {
                "type": "get_attr",
                "value": "content"
              }
            ],
            [
              {
                "type": "get_attr",
                "value": "content_base64"
              }
            ]
          ],
          "identity_schema_version": 0
        }
      ]
    },
    {
      "mode": "managed",
      "type": "local_file",
      "name": "project_files",
      "provider": "provider[\"registry.terraform.io/hashicorp/local\"]",
      "instances": [
        {
          "index_key": "app_config",
          "schema_version": 0,
          "attributes": {
            "content": "",
            "content_base64": null,
            "content_base64sha256": "47DEQpj8HBSa+/TImW+5JCeuQeRkm5NMpJWZG3hSuFU=",
            "content_base64sha512": "z4PhNX7vuL3xVChQ1m2AB9Yg5AULVxXcg/SpIdNs6c5H0NE8XYXysP+DGNKHfuwvY7kxvUdBeoGlODJ6+SfaPg==",
            "content_md5": "d41d8cd98f00b204e9800998ecf8427e",
            "content_sha1": "da39a3ee5e6b4b0d3255bfef95601890afd80709",
            "content_sha256": "e3b0c44298fc1c149afbf4c8996fb92427ae41e4649b934ca495991b7852b855",
            "content_sha512": "cf83e1357eefb8bdf1542850d66d8007d620e4050b5715dc83f4a921d36ce9ce47d0d13c5d85f2b0ff8318d2877eec2f63b931bd47417a81a538327af927da3e",
            "directory_permission": "0777",
            "file_permission": "0777",
            "filename": "./project/config/app.conf",
            "id": "da39a3ee5e6b4b0d3255bfef95601890afd80709",
            "sensitive_content": null,
            "source": null
          },
          "sensitive_attributes": [
            [
              {
                "type": "get_attr",
                "value": "content"
              }
            ],
            [
              {
                "type": "get_attr",
                "value": "sensitive_content"
              }
            ]
          ],
          "identity_schema_version": 0,
          "dependencies": [
            "data.local_sensitive_file.foo"
          ],
          "create_before_destroy": true
        },
        {
          "index_key": "database_config",
          "schema_version": 0,
          "attributes": {
            "content": "",
            "content_base64": null,
            "content_base64sha256": "47DEQpj8HBSa+/TImW+5JCeuQeRkm5NMpJWZG3hSuFU=",
            "content_base64sha512": "z4PhNX7vuL3xVChQ1m2AB9Yg5AULVxXcg/SpIdNs6c5H0NE8XYXysP+DGNKHfuwvY7kxvUdBeoGlODJ6+SfaPg==",
            "content_md5": "d41d8cd98f00b204e9800998ecf8427e",
            "content_sha1": "da39a3ee5e6b4b0d3255bfef95601890afd80709",
            "content_sha256": "e3b0c44298fc1c149afbf4c8996fb92427ae41e4649b934ca495991b7852b855",
            "content_sha512": "cf83e1357eefb8bdf1542850d66d8007d620e4050b5715dc83f4a921d36ce9ce47d0d13c5d85f2b0ff8318d2877eec2f63b931bd47417a81a538327af927da3e",
            "directory_permission": "0777",
            "file_permission": "0777",
            "filename": "./project/config/database.conf",
            "id": "da39a3ee5e6b4b0d3255bfef95601890afd80709",
            "sensitive_content": null,
            "source": null
          },
          "sensitive_attributes": [
            [
              {
                "type": "get_attr",
                "value": "content"
              }
            ],
            [
              {
                "type": "get_attr",
                "value": "sensitive_content"
              }
            ]
          ],
          "identity_schema_version": 0,
          "dependencies": [
            "data.local_sensitive_file.foo"
          ],
          "create_before_destroy": true
        },
        {
          "index_key": "db_password",
          "schema_version": 0,
          "attributes": {
            "content": "my_passowrd1234!@#$%^^\u0026^%$#@",
            "content_base64": null,
            "content_base64sha256": "muzOYWwKE+K3WSZeuFrsTWtBP1W9d/7aU1iOi9A7Tgo=",
            "content_base64sha512": "pxTsNNpn7eVdRzRCCAPJFwzK4MFSWOYPBS7ktZzpWWquCshoV3fCApNK0osCIfr2aTECXR6gVwtSsTS31EQyPw==",
            "content_md5": "a9d7a6121c9be6c3b824ef615b3466a0",
            "content_sha1": "e1735c30a0f1926dff846b09d4d4e4ce587ecaec",
            "content_sha256": "9aecce616c0a13e2b759265eb85aec4d6b413f55bd77feda53588e8bd03b4e0a",
            "content_sha512": "a714ec34da67ede55d4734420803c9170ccae0c15258e60f052ee4b59ce9596aae0ac8685777c202934ad28b0221faf66931025d1ea0570b52b134b7d444323f",
            "directory_permission": "0777",
            "file_permission": "0777",
            "filename": "./project/secrets/db_password.txt",
            "id": "e1735c30a0f1926dff846b09d4d4e4ce587ecaec",
            "sensitive_content": null,
            "source": null
          },
          "sensitive_attributes": [
            [
              {
                "type": "get_attr",
                "value": "content"
              }
            ],
            [
              {
                "type": "get_attr",
                "value": "sensitive_content"
              }
            ]
          ],
          "identity_schema_version": 0,
          "dependencies": [
            "data.local_sensitive_file.foo"
          ],
          "create_before_destroy": true
        },
        {
          "index_key": "deployment_report",
          "schema_version": 0,
          "attributes": {
            "content": "",
            "content_base64": null,
            "content_base64sha256": "47DEQpj8HBSa+/TImW+5JCeuQeRkm5NMpJWZG3hSuFU=",
            "content_base64sha512": "z4PhNX7vuL3xVChQ1m2AB9Yg5AULVxXcg/SpIdNs6c5H0NE8XYXysP+DGNKHfuwvY7kxvUdBeoGlODJ6+SfaPg==",
            "content_md5": "d41d8cd98f00b204e9800998ecf8427e",
            "content_sha1": "da39a3ee5e6b4b0d3255bfef95601890afd80709",
            "content_sha256": "e3b0c44298fc1c149afbf4c8996fb92427ae41e4649b934ca495991b7852b855",
            "content_sha512": "cf83e1357eefb8bdf1542850d66d8007d620e4050b5715dc83f4a921d36ce9ce47d0d13c5d85f2b0ff8318d2877eec2f63b931bd47417a81a538327af927da3e",
            "directory_permission": "0777",
            "file_permission": "0777",
            "filename": "./project/reports/deployment_report.txt",
            "id": "da39a3ee5e6b4b0d3255bfef95601890afd80709",
            "sensitive_content": null,
            "source": null
          },
          "sensitive_attributes": [
            [
              {
                "type": "get_attr",
                "value": "content"
              }
            ],
            [
              {
                "type": "get_attr",
                "value": "sensitive_content"
              }
            ]
          ],
          "identity_schema_version": 0,
          "dependencies": [
            "data.local_sensitive_file.foo"
          ],
          "create_before_destroy": true
        }
      ]
    }
  ],
  "check_results": null
}
